<?xml version="1.0" encoding="utf-8"?>
<Project ToolsVersion="4.0" xmlns="http://schemas.microsoft.com/developer/msbuild/2003">
  <ItemGroup>
    <Filter Include="Исходные файлы">
      <UniqueIdentifier>{4FC737F1-C7A5-4376-A066-2A32D752A2FF}</UniqueIdentifier>
      <Extensions>cpp;c;cc;cxx;c++;cppm;ixx;def;odl;idl;hpj;bat;asm;asmx</Extensions>
    </Filter>
    <Filter Include="Файлы заголовков">
      <UniqueIdentifier>{93995380-89BD-4b04-88EB-625FBE52EBFB}</UniqueIdentifier>
      <Extensions>h;hh;hpp;hxx;h++;hm;inl;inc;ipp;xsd</Extensions>
    </Filter>
    <Filter Include="Файлы ресурсов">
      <UniqueIdentifier>{67DA6AB6-F800-4c08-8B7A-83BB121AAD01}</UniqueIdentifier>
      <Extensions>rc;ico;cur;bmp;dlg;rc2;rct;bin;rgs;gif;jpg;jpeg;jpe;resx;tiff;tif;png;wav;mfcribbon-ms</Extensions>
    </Filter>
    <Filter Include="Исходные файлы\MainWindow">
      <UniqueIdentifier>{c64f9411-c431-4693-9502-fb659d06b434}</UniqueIdentifier>
    </Filter>
    <Filter Include="Исходные файлы\Keyboards">
      <UniqueIdentifier>{2a80a209-8d73-455a-971b-ad2b3b64a540}</UniqueIdentifier>
    </Filter>
    <Filter Include="Исходные файлы\CommandWindow">
      <UniqueIdentifier>{3664f324-9ae9-4943-baba-9a0fac297144}</UniqueIdentifier>
    </Filter>
  </ItemGroup>
  <ItemGroup>
    <ClCompile Include="ProgrammingKeyboardCustomizer.cpp">
      <Filter>Исходные файлы</Filter>
    </ClCompile>
    <ClCompile Include="MainWindow\MainWindow.cpp">
      <Filter>Исходные файлы\MainWindow</Filter>
    </ClCompile>
    <ClCompile Include="Keyboards\Keyboards.cpp">
      <Filter>Исходные файлы\Keyboards</Filter>
    </ClCompile>
    <ClCompile Include="CommandWindow\CommandWindow.cpp">
      <Filter>Исходные файлы\CommandWindow</Filter>
    </ClCompile>
  </ItemGroup>
  <ItemGroup>
    <Manifest Include="app.manifest">
      <Filter>Файлы ресурсов</Filter>
    </Manifest>
  </ItemGroup>
  <ItemGroup>
    <ClInclude Include="MainWindow\MainWindow.hpp">
      <Filter>Исходные файлы\MainWindow</Filter>
    </ClInclude>
    <ClInclude Include="Keyboards\Keyboards.hpp">
      <Filter>Исходные файлы\Keyboards</Filter>
    </ClInclude>
    <ClInclude Include="CommandWindow\CommandWindow.h">
      <Filter>Исходные файлы\CommandWindow</Filter>
    </ClInclude>
  </ItemGroup>
</Project>