<?xml version="1.0" encoding="utf-8"?>
<Project ToolsVersion="4.0" xmlns="http://schemas.microsoft.com/developer/msbuild/2003">
  <ItemGroup>
    <Filter Include="Исходные файлы">
      <UniqueIdentifier>{4FC737F1-C7A5-4376-A066-2A32D752A2FF}</UniqueIdentifier>
      <Extensions>cpp;c;cc;cxx;c++;cppm;ixx;def;odl;idl;hpj;bat;asm;asmx</Extensions>
    </Filter>
    <Filter Include="Файлы заголовков">
      <UniqueIdentifier>{93995380-89BD-4b04-88EB-625FBE52EBFB}</UniqueIdentifier>
      <Extensions>h;hh;hpp;hxx;h++;hm;inl;inc;ipp;xsd</Extensions>
    </Filter>
    <Filter Include="Файлы ресурсов">
      <UniqueIdentifier>{67DA6AB6-F800-4c08-8B7A-83BB121AAD01}</UniqueIdentifier>
      <Extensions>rc;ico;cur;bmp;dlg;rc2;rct;bin;rgs;gif;jpg;jpeg;jpe;resx;tiff;tif;png;wav;mfcribbon-ms</Extensions>
    </Filter>
    <Filter Include="Исходные файлы\Serial">
      <UniqueIdentifier>{5a6a010a-5c16-475e-a4d0-f99740e5cdbf}</UniqueIdentifier>
    </Filter>
    <Filter Include="Исходные файлы\API">
      <UniqueIdentifier>{24c13629-4939-4822-ad0c-1ea0f9228536}</UniqueIdentifier>
    </Filter>
  </ItemGroup>
  <ItemGroup>
    <ClCompile Include="main.cpp">
      <Filter>Исходные файлы</Filter>
    </ClCompile>
    <ClCompile Include="API\API.cpp">
      <Filter>Исходные файлы\API</Filter>
    </ClCompile>
    <ClCompile Include="..\SerialLib\Serial.cpp">
      <Filter>Исходные файлы\Serial</Filter>
    </ClCompile>
  </ItemGroup>
  <ItemGroup>
    <ClInclude Include="main.h">
      <Filter>Исходные файлы</Filter>
    </ClInclude>
    <ClInclude Include="API\APIStruct.hpp">
      <Filter>Исходные файлы\API</Filter>
    </ClInclude>
    <ClInclude Include="API\APIFunctions.h">
      <Filter>Исходные файлы\API</Filter>
    </ClInclude>
    <ClInclude Include="..\SerialLib\Serial.h">
      <Filter>Исходные файлы\Serial</Filter>
    </ClInclude>
  </ItemGroup>
</Project>